{
  "name": "patrimonio-backend",
  "version": "1.0.0",
  "lockfileVersion": 3,
  "requires": true,
  "packages": {
    "": {
      "name": "patrimonio-backend",
      "version": "1.0.0",
      "dependencies": {
        "bcryptjs": "^2.4.3",
        "cors": "^2.8.5",
        "csv-parser": "^3.0.0",
        "express": "^4.19.2",
        "jsonwebtoken": "^9.0.2",
        "multer": "^1.4.5-lts.1",
        "pg": "^8.12.0"
      }
    },
    "node_modules/accepts": {
      "version": "1.3.8",
      "resolved": "https://registry.npmjs.org/accepts/-/accepts-1.3.8.tgz",
      "integrity": "sha512-PYAthTa2m2sp+ns9icvGlKzEusZlo0CIOLaxFHy7kVP2rfeE3itLflwOBd_g8A/rfldVl3Qg7JVH3vGD8flYSA==",
      "dependencies": {
        "mime-types": "~2.1.34",
        "negotiator": "0.6.3"
      },
      "engines": {
        "node": ">= 0.6"
      }
    },
    "node_modules/append-field": {
      "version": "1.0.0",
      "resolved": "https://registry.npmjs.org/append-field/-/append-field-1.0.0.tgz",
      "integrity": "sha512-klr2b3I2r+HnLztuTMHi2s58P4Q6rYhSQP+qlSj6uU0B2crjI+1G2yZ2j4c0mol23Gg+wXsd5zchK8ScyEwHsw==",
      "engines": {
        "node": ">= 0.10"
      }
    },
    "node_modules/array-flatten": {
      "version": "1.1.1",
      "resolved": "https://registry.npmjs.org/array-flatten/-/array-flatten-1.1.1.tgz",
      "integrity": "sha512-PCVAQwvLgwyZTYkOrV4AbAq0vUaG0222TB8IF+2LIAdG6WBYJt2BEEDEZ+pcTrTGRBApD7Mv79dFn95z747Klw=="
    },
    "node_modules/bcryptjs": {
      "version": "2.4.3",
      "resolved": "https://registry.npmjs.org/bcryptjs/-/bcryptjs-2.4.3.tgz",
      "integrity": "sha512-V/tFHvB9fU23j4cGOc31ciBopWd3S1cj2GvjM12I9AP2eRPORe222mHn5x/3k/aP8/X0W2M92NVaui0As12i+Q=="
    },
    "node_modules/body-parser": {
      "version": "1.20.2",
      "resolved": "https://registry.npmjs.org/body-parser/-/body-parser-1.20.2.tgz",
      "integrity": "sha512-ml9pReCu3M61kGlqoTm2umSXTlRTuGTx0bfYj+uIUKKYycG0I9FRi72cg9e0NXDUF+z8P/2bBTTB30I2GnNJXQ==",
      "dependencies": {
        "bytes": "3.1.2",
        "content-type": "~1.0.4",
        "debug": "2.6.9",
        "depd": "~2.0.0",
        "destroy": "1.2.0",
        "http-errors": "2.0.0",
        "iconv-lite": "0.4.24",
        "on-finished": "2.4.1",
        "qs": "6.11.0",
        "raw-body": "2.5.2",
        "type-is": "~1.6.18",
        "unpipe": "1.0.0"
      },
      "engines": {
        "node": ">= 0.8",
        "npm": "1.2.8000 || >= 1.4.16"
      }
    },
    "node_modules/buffer-from": {
      "version": "1.1.2",
      "resolved": "https://registry.npmjs.org/buffer-from/-/buffer-from-1.1.2.tgz",
      "integrity": "sha512-E+XQCRwSbaaiChtv6k6Dwgc+bx+Bs6ASB9skWX4Svs+AE+8X5kTEH1gr/rSmVO9PgtQvXbPgqgu4S_b8gB+Iqw=="
    },
    "node_modules/busboy": {
      "version": "1.6.0",
      "resolved": "https://registry.npmjs.org/busboy/-/busboy-1.6.0.tgz",
      "integrity": "sha512-8SFQbg/0hQ9xy3UNTB0YrE/yMXWv1xb+OA7TPAk/qpsFdoFEy_pBOvemovr4IHo4クイーン/5ZUIZg7AP9iHHoTw==",
      "dependencies": {
        "streamsearch": "1.1.0"
      },
      "engines": {
        "node": ">=10.16.0"
      }
    },
    "node_modules/bytes": {
      "version": "3.1.2",
      "resolved": "https://registry.npmjs.org/bytes/-/bytes-3.1.2.tgz",
      "integrity": "sha512-/Nf7TyzTx6S3yRJObOAV7956r8cr2+Oj8AC5dtovojBPojbhtYm5RbV3KBOQjcQDreqkeVI2pLhhXax5g6gETA==",
      "engines": {
        "node": ">= 0.8"
      }
    },
    "node_modules/call-bind": {
      "version": "1.0.7",
      "resolved": "https://registry.npmjs.org/call-bind/-/call-bind-1.0.7.tgz",
      "integrity": "sha512-GHTSNSYICQ7scE4W1i/TAdEMy21iH3sQ62tGtRAf+D4P_mURd1fhd72Igjpsd2eA3N2c+12iJsd4vAg8iW2f5w==",
      "dependencies": {
        "function-bind": "^1.1.2",
        "get-intrinsic": "^1.2.4",
        "set-function-length": "^1.2.2"
      },
      "funding": {
        "url": "https://github.com/sponsors/ljharb"
      }
    },
    "node_modules/concat-stream": {
      "version": "1.6.2",
      "resolved": "https://registry.npmjs.org/concat-stream/-/concat-stream-1.6.2.tgz",
      "integrity": "sha512-27HBghJxjiZtIk3Ycvn/4ImaJKESvhQMvfl3BCidgmAuxMAHpvkvV1SUguOq7d2rJMWm+xAidOf0AML3ZsvNlw==",
      "dependencies": {
        "buffer-from": "^1.0.0",
        "inherits": "^2.0.3",
        "readable-stream": "^2.2.2",
        "typedarray": "^0.0.6"
      }
    },
    "node_modules/content-disposition": {
      "version": "0.5.4",
      "resolved": "https://registry.npmjs.org/content-disposition/-/content-disposition-0.5.4.tgz",
      "integrity": "sha512-FveZTNuGw04cxlAiWbzi6zTAL/lhehaWbTtAV1B4J9nLvl1OV0s+JQLVvwy+v2327gNsyUpUWAD0AVoFMU96SQ==",
      "dependencies": {
        "safe-buffer": "5.2.1"
      },
      "engines": {
        "node": ">= 0.6"
      }
    },
    "node_modules/content-type": {
      "version": "1.0.5",
      "resolved": "https://registry.npmjs.org/content-type/-/content-type-1.0.5.tgz",
      "integrity": "sha512-nTjqfcBFEip6kZeB8TSErjpVmjSggsYm2pPYdTwJt4JbAWOz0eT3b3teb2Tfe28GkQyL5ECa/s/hIYLA50/AnA==",
      "engines": {
        "node": ">= 0.6"
      }
    },
    "node_modules/cookie": {
      "version": "0.6.0",
      "resolved": "https://registry.npmjs.org/cookie/-/cookie-0.6.0.tgz",
      "integrity": "sha512-s6/TA6023FStYy1E6cyJWxT8h3oI2yQ2lXyD2PazTAmT7pQJ2IIso0wXoBgC4O2aEzgy92s8Kcv2s2kLdtp+PA==",
      "engines": {
        "node": ">= 0.6"
      }
    },
    "node_modules/cookie-signature": {
      "version": "1.0.6",
      "resolved": "https://registry.npmjs.org/cookie-signature/-/cookie-signature-1.0.6.tgz",
      "integrity": "sha512-Qh2sigeeoN6AFz9iJod70s5sS/yHiGz3wcpO+T7bmmwA6iIga9f/3ndX2/mQdYyGjY2S1Z2d2H6t9eR5w6e9aw=="
    },
    "node_modules/core-util-is": {
      "version": "1.0.3",
      "resolved": "https://registry.npmjs.org/core-util-is/-/core-util-is-1.0.3.tgz",
      "integrity": "sha512-ZQBvi1DcpJ4GDqanjucZ2Hj3wEO5pZDS89BWbkcrvdxksJorwUDDZamX9ldFkp9aw2lmBDLgkObEA4DWNJ9FYQ=="
    },
    "node_modules/cors": {
      "version": "2.8.5",
      "resolved": "https://registry.npmjs.org/cors/-/cors-2.8.5.tgz",
      "integrity": "sha512-KIHbLJqu73RGr/hnbrO9uBeGWeMF7qJWTSO4u9rCorbZHFouhp8zxRicG1WYB9ztRozvs2QdRt/vhdWAviAZ/g==",
      "dependencies": {
        "object-assign": "^4",
        "vary": "^1"
      },
      "engines": {
        "node": ">= 0.10"
      }
    },
    "node_modules/csv-parser": {
      "version": "3.0.0",
      "resolved": "https://registry.npmjs.org/csv-parser/-/csv-parser-3.0.0.tgz",
      "integrity": "sha512-s6OYSXAK3IdKqYO33y09jhypG/bCh3+NpKP9Oke9XMAnQme/OkS7RSo_oLtqG9d1A4ztkP6dOF0sMVaYVqBCMA==",
      "dependencies": {
        "minimist": "^1.2.0"
      },
      "bin": {
        "csv-parser": "bin/csv-parser"
      },
      "engines": {
        "node": ">= 10"
      }
    },
    "node_modules/debug": {
      "version": "2.6.9",
      "resolved": "https://registry.npmjs.org/debug/-/debug-2.6.9.tgz",
      "integrity": "sha512-bC7ElrdJaJnPbAP+1EotYvqZsb3ecl5wi6Bfi6BJTUcNowp6cvspg0jXznRTKDjm/E7AdgFBVeAPVMNcKGsHMA==",
      "dependencies": {
        "ms": "2.0.0"
      }
    },
    "node_modules/define-data-property": {
      "version": "1.1.4",
      "resolved": "https://registry.npmjs.org/define-data-property/-/define-data-property-1.1.4.tgz",
      "integrity": "sha512-rLPcwt0asV38jR6IIAnJv22a+iRjO6j2w9gA+a4C1I1TjYMMd3wVAs3eG5vc/p7/aK2oUv4iSFit2+r2GDjNAw==",
      "dependencies": {
        "get-intrinsic": "^1.2.4",
        "gopd": "^1.0.1",
        "has-property-descriptors": "^1.0.2"
      },
      "engines": {
        "node": ">= 0.4"
      },
      "funding": {
        "url": "https://github.com/sponsors/ljharb"
      }
    },
    "node_modules/depd": {
      "version": "2.0.0",
      "resolved": "https://registry.npmjs.org/depd/-/depd-2.0.0.tgz",
      "integrity": "sha512-g7nH6P6dyDioJogAAGprGpCtVImJhpPk/cMegLCbIcbPaJKAifub2vnCgEliSychheSWanyFFsoRKnxIOznacA==",
      "engines": {
        "node": ">= 0.8"
      }
    },
    "node_modules/destroy": {
      "version": "1.2.0",
      "resolved": "https://registry.npmjs.org/destroy/-/destroy-1.2.0.tgz",
      "integrity": "sha512-2sJGJTwJ2i2ICA0jS_zSSKJ4bYA5K6AqdJvjd8VmkKsgR1LzTfDSt3c_4ccL09ZADwSWJpoIeIijik3W10jEQw==",
      "engines": {
        "node": ">= 0.8",
        "npm": "1.2.8000 || >= 1.4.16"
      }
    },
    "node_modules/ee-first": {
      "version": "1.1.1",
      "resolved": "https://registry.npmjs.org/ee-first/-/ee-first-1.1.1.tgz",
      "integrity": "sha512-WMwm9LhRUo+WUaRN+vRuETqG89igZVVFVJUAAA vati/UerVND0RgTYWgotOiwLVElo3Udma1JMXטחH7eG4wA=="
    },
    "node_modules/encodeurl": {
      "version": "1.0.2",
      "resolved": "https://registry.npmjs.org/encodeurl/-/encodeurl-1.0.2.tgz",
      "integrity": "sha512-TP_VERKffk12M2a2eW+vJ4aA/pIXe9TEhK7cAGK2Z2e1wZf+42O/cwUaZ2TAAz1sF1gafOQz7u6e2C1i82CLgQ==",
      "engines": {
        "node": ">= 0.8"
      }
    },
    "node_modules/es-define-property": {
      "version": "1.0.0",
      "resolved": "https://registry.npmjs.org/es-define-property/-/es-define-property-1.0.0.tgz",
      "integrity": "sha512-jxayLKShr1SKj2O+xZA3LA9SR12e21BtvgpJ0hM4K0wAKS8d9n1cJuI048ScYVdAVMdtp9ySsA2XK06p9i7C3g==",
      "dependencies": {
        "get-intrinsic": "^1.2.3"
      },
      "engines": {
        "node": ">= 0.4"
      },
      "funding": {
        "url": "https://github.com/sponsors/ljharb"
      }
    },
    "node_modules/es-errors": {
      "version": "1.3.0",
      "resolved": "https://registry.npmjs.org/es-errors/-/es-errors-1.3.0.tgz",
      "integrity": "sha512-Zf5h3e8TgtLuD6d28dHeJk3w7q1oYLeag1Ho6olp2iHFWJCf_tP9qA1tLBCBEGl8T2i02l95x2yIeNqgbsE8sA==",
      "engines": {
        "node": ">= 0.4"
      }
    },
    "node_modules/escape-html": {
      "version": "1.0.3",
      "resolved": "https://registry.npmjs.org/escape-html/-/escape-html-1.0.3.tgz",
      "integrity": "sha512-NiSupZ4OeuGwr68lGIeym/ksIZMJodUGOSCZ/FSnTxcreOqaJQBWKxSotuMVb9AJEJE1emXeXD8lLC5gZdC9Hw=="
    },
    "node_modules/etag": {
      "version": "1.8.1",
      "resolved": "https://registry.npmjs.org/etag/-/etag-1.8.1.tgz",
      "integrity": "sha512-aIL5Fx7mawVa300al2fsDb/WjkwIeILKewvyGGv/8m5K/LMFBplCP2SREbBTOmS5T9gVE+a7pf1Mn3UmMwS_9g==",
      "engines": {
        "node": ">= 0.6"
      }
    },
    "node_modules/express": {
      "version": "4.19.2",
      "resolved": "https://registry.npmjs.org/express/-/express-4.19.2.tgz",
      "integrity": "sha512-5/PsL6iGPdfQ/teCmLGk3ODF2T+2B4jRBOo+NK2HjJ0iCMzD/iGEo2mzR3w36s4jT25hVvGjR7dDAJbStgK+wA==",
      "dependencies": {
        "accepts": "~1.3.8",
        "array-flatten": "1.1.1",
        "body-parser": "1.20.2",
        "content-disposition": "0.5.4",
        "content-type": "~1.0.4",
        "cookie": "0.6.0",
        "cookie-signature": "1.0.6",
        "debug": "2.6.9",
        "depd": "2.0.0",
        "encodeurl": "~1.0.2",
        "escape-html": "~1.0.3",
        "etag": "~1.8.1",
        "finalhandler": "1.2.0",
        "fresh": "0.5.2",
        "merge-descriptors": "1.0.1",
        "methods": "~1.1.2",
        "on-finished": "2.4.1",
        "parseurl": "~1.3.3",
        "path-to-regexp": "0.1.7",
        "proxy-addr": "~2.0.7",
        "qs": "6.11.0",
        "range-parser": "~1.2.1",
        "safe-buffer": "5.2.1",
        "send": "0.18.0",
        "serve-static": "1.15.0",
        "setprototypeof": "1.2.0",
        "statuses": "2.0.1",
        "type-is": "~1.6.18",
        "utils-flatten": "1.0.1",
        "vary": "~1.1.2"
      },
      "engines": {
        "node": ">= 0.10.0"
      }
    },
    "node_modules/finalhandler": {
      "version": "1.2.0",
      "resolved": "https://registry.npmjs.org/finalhandler/-/finalhandler-1.2.0.tgz",
      "integrity": "sha512-5uXcUVftlQjbYKbav3DYQXr8ni/JAAAIOZ2WgoJLXFF+Gef9HSoD+gnnoV/kZdASdmo1HViQn4or5CI4t2M3Dg==",
      "dependencies": {
        "debug": "2.6.9",
        "encodeurl": "~1.0.2",
        "escape-html": "~1.0.3",
        "on-finished": "2.4.1",
        "parseurl": "~1.3.3",
        "statuses": "2.0.1",
        "unpipe": "~1.0.0"
      },
      "engines": {
        "node": ">= 0.8"
      }
    },
    "node_modules/forwarded": {
      "version": "0.2.0",
      "resolved": "https://registry.npmjs.org/forwarded/-/forwarded-0.2.0.tgz",
      "integrity": "sha512-buRG0fpk3B3SNzgyA7U/O8wRkK2q62E6jRzoiQ2yRjkyUPSVEKq21+1Kai_le0jLHYQ/iBqQ2ZLfA2KTIr3gQQ==",
      "engines": {
        "node": ">= 0.6"
      }
    },
    "node_modules/fresh": {
      "version": "0.5.2",
      "resolved": "https://registry.npmjs.org/fresh/-/fresh-0.5.2.tgz",
      "integrity": "sha512-zZA+HJzCJMfNOsEPa92I523zOEeS2oT2iR2V8oFvbsx8jsEzyYQ6NscxYJzpGzX9VzC29814rA2E1qVEfjY8hA==",
      "engines": {
        "node": ">= 0.6"
      }
    },
    "node_modules/function-bind": {
      "version": "1.1.2",
      "resolved": "https://registry.npmjs.org/function-bind/-/function-bind-1.1.2.tgz",
      "integrity": "sha512-714uBgrbLg9wBfK1yDmmtrS9pQ1nO+3f+v4I2mIAQ2kRown+wVYB854e8+k4QzllzGmjG9S1G2GedhLd5wazgQ=="
    },
    "node_modules/get-intrinsic": {
      "version": "1.2.4",
      "resolved": "https://registry.npmjs.org/get-intrinsic/-/get-intrinsic-1.2.4.tgz",
      "integrity": "sha512-IS6eaA2OL+rJ2nI400+Tuc0H3+eP4KkUhtDUu3DRX9h3iP5soD4g5tL9f1dfS9AsDbKxKj+va8x+sIKrG2e3NA==",
      "dependencies": {
        "es-errors": "^1.3.0",
        "function-bind": "^1.1.2",
        "has-proto": "^1.0.3",
        "has-symbols": "^1.0.3",
        "hasown": "^2.0.2"
      },
      "funding": {
        "url": "https://github.com/sponsors/ljharb"
      }
    },
    "node_modules/gopd": {
      "version": "1.0.1",
      "resolved": "https://registry.npmjs.org/gopd/-/gopd-1.0.1.tgz",
      "integrity": "sha512-d6xY7Zgqb2gJflzItDG2z7I+i/m3osi8vTeo4uJ5eA0a4/iW0eJW3SH/gBvBbsS9An2T3d3Oa2M6dveiwb9vkg==",
      "dependencies": {
        "get-intrinsic": "^1.1.3"
      },
      "funding": {
        "url": "https://github.com/sponsors/ljharb"
      }
    },
    "node_modules/has-property-descriptors": {
      "version": "1.0.2",
      "resolved": "https://registry.npmjs.org/has-property-descriptors/-/has-property-descriptors-1.0.2.tgz",
      "integrity": "sha512-55U2iOO+HJ3cItm5scdI+8L2jfn3gU8bE+2fMLdM9SM4i2yvj2w+vG8n14n2yI5LhC+gMxsH66sV5tA9/2s4A==",
      "dependencies": {
        "es-define-property": "^1.0.0"
      },
      "funding": {
        "url": "https://github.com/sponsors/ljharb"
      }
    },
    "node_modules/has-proto": {
      "version": "1.0.3",
      "resolved": "https://registry.npmjs.org/has-proto/-/has-proto-1.0.3.tgz",
      "integrity": "sha512-SJ1am3Lz+v8m2QyS3h9SYQJATH1B43N/oP+bWRDk2vSKbPj+oWDem1H2oA/XgI7mfD/I/4W2CgI3iES/s0fH1Q==",
      "engines": {
        "node": ">= 0.4"
      },
      "funding": {
        "url": "https://github.com/sponsors/ljharb"
      }
    },
    "node_modules/has-symbols": {
      "version": "1.0.3",
      "resolved": "https://registry.npmjs.org/has-symbols/-/has-symbols-1.0.3.tgz",
      "integrity": "sha512-l3LCuF6NfjdbdPr8VfBgvGhruc+g3Iz2p0IVGJ6MscCgglGis9dSF5eMlnlA2H2l2IroXAaUevrqaPuWiVbccoA==",
      "engines": {
        "node": ">= 0.4"
      },
      "funding": {
        "url": "https://github.com/sponsors/ljharb"
      }
    },
    "node_modules/hasown": {
      "version": "2.0.2",
      "resolved": "https://registry.npmjs.org/hasown/-/hasown-2.0.2.tgz",
      "integrity": "sha512-pUvso7+zNPhnfqG4D4p7naTWMZa3Ier2/4tZT9x+2oKxQhL72x08vNq3a7xmyDk28m+rIbdnaW3pE3vL1svEcA==",
      "dependencies": {
        "function-bind": "^1.1.2"
      },
      "engines": {
        "node": ">= 0.4"
      }
    },
    "node_modules/http-errors": {
      "version": "2.0.0",
      "resolved": "https://registry.npmjs.org/http-errors/-/http-errors-2.0.0.tgz",
      "integrity": "sha512-RvaYblKaNH5HDtj2qKn7uR8Sbb/BwB2eB5hFsqIVq8IWHgoB0AXg7xKy26rtKIunTe7AYmeb3Iagte1sq/CCtg==",
      "dependencies": {
        "depd": "2.0.0",
        "inherits": "2.0.4",
        "setprototypeof": "1.2.0",
        "statuses": "2.0.1",
        "toidentifier": "1.0.1"
      },
      "engines": {
        "node": ">= 0.8"
      }
    },
    "node_modules/iconv-lite": {
      "version": "0.4.24",
      "resolved": "https://registry.npmjs.org/iconv-lite/-/iconv-lite-0.4.24.tgz",
      "integrity": "sha512-v3MXnZAcvnywkU+OLApeS6XX3ABo2aBeP69M57SqvG4IalEcp9SpMK28gekKScai2KTAKhbLFXaG5g3Fregmsw==",
      "dependencies": {
        "safer-buffer": ">= 2.1.2 < 3"
      },
      "engines": {
        "node": ">=0.10.0"
      }
    },
    "node_modules/inherits": {
      "version": "2.0.4",
      "resolved": "https://registry.npmjs.org/inherits/-/inherits-2.0.4.tgz",
      "integrity": "sha512-k/vGaX4/Yla3Wb6eqWfGC0w+ekcvb+un+VICO4FMS2atgmKzcOkS4+dG6FVx4vsbqcSgXxTgt6HMLVJH5YVugA=="
    },
    "node_modules/ipaddr.js": {
      "version": "1.9.1",
      "resolved": "https://registry.npmjs.org/ipaddr.js/-/ipaddr.js-1.9.1.tgz",
      "integrity": "sha512-0KI/607xoxSToH7GjN1FfSbLoU0+btTicjsQSWQveFcaUywsLTFMpmwVIbL3ROi4zEsYxuNBwk9zWFSlfblVikg==",
      "engines": {
        "node": ">= 0.10"
      }
    },
    "node_modules/isarray": {
      "version": "1.0.0",
      "resolved": "https://registry.npmjs.org/isarray/-/isarray-1.0.0.tgz",
      "integrity": "sha512-VLodv2LhEa2iS903o42aG+3xA0pDTVtKyLzQAbjtdgY1gbcI9vhPjxRjA1B32s/bWdGv+Ie+D9mI2ifhdgQ3eA=="
    },
    "node_modules/jws": {
      "version": "3.2.2",
      "resolved": "https://registry.npmjs.org/jws/-/jws-3.2.2.tgz",
      "integrity": "sha512-YHl6h3aN3w5IejT9iE3uF2+17zK+f0cx5pk65wea4O5X+fJj263mBIwSYBHikg0C5wP89fEnyIka4AW2RqZp5Q==",
      "dependencies": {
        "jwa": "^1.4.1",
        "safe-buffer": "^5.0.1"
      }
    },
    "node_modules/jwa": {
      "version": "1.4.1",
      "resolved": "https://registry.npmjs.org/jwa/-/jwa-1.4.1.tgz",
      "integrity": "sha512-q2PZ80a2x3QD2naD5f2LOB4nB76QW3iY3sY1QRAPrX8mchS3e+Z43iQmLYeJm8nI3yIuHn6A+wz2g1jR0pS2ew==",
      "dependencies": {
        "buffer-equal-constant-time": "^1.0.1",
        "ecdsa-sig-formatter": "^1.0.9",
        "safe-buffer": "^5.0.1"
      }
    },
    "node_modules/jwa/node_modules/buffer-equal-constant-time": {
      "version": "1.0.1",
      "resolved": "https://registry.npmjs.org/buffer-equal-constant-time/-/buffer-equal-constant-time-1.0.1.tgz",
      "integrity": "sha512-zRpUiBocfhJoT+kTMJk2Y26x4s2oPSgnp6vtgTStlpQ9m29iIeZXs2E6+gKz3YpEaYJ0aYPO2GPhsN/B66Y4vQ=="
    },
    "node_modules/jwa/node_modules/ecdsa-sig-formatter": {
      "version": "1.0.11",
      "resolved": "https://registry.npmjs.org/ecdsa-sig-formatter/-/ecdsa-sig-formatter-1.0.11.tgz",
      "integrity": "sha512-ncr3I2c7Xq9t22cFx26Yx+en2vvAaGNGiK2H7gLz6n2/pY/3B2cmy0Wl1lD2glzYJJrV+R4y71bVvMsn8uYd5g==",
      "dependencies": {
        "safe-buffer": "^5.0.1"
      }
    },
    "node_modules/jsonwebtoken": {
      "version": "9.0.2",
      "resolved": "https://registry.npmjs.org/jsonwebtoken/-/jsonwebtoken-9.0.2.tgz",
      "integrity": "sha512-PRp665iLpA850S8kT5lI3bbK6e02LX2I/5T6j03v2t1wru6eGg5bRRwyfD2Soe1sY83aks8jnmv2b9y2l5gX2Q==",
      "dependencies": {
        "jws": "^3.2.2",
        "lodash.includes": "^4.3.0",
        "lodash.isboolean": "^3.0.3",
        "lodash.isinteger": "^4.0.4",
        "lodash.isnumber": "^3.0.3",
        "lodash.isplainobject": "^4.0.6",
        "lodash.isstring": "^4.0.1",
        "lodash.once": "^4.1.1",
        "ms": "^2.1.1",
        "semver": "^7.5.4"
      },
      "engines": {
        "node": ">=12",
        "npm": ">=6"
      }
    },
    "node_modules/lodash.includes": {
      "version": "4.3.0",
      "resolved": "https://registry.npmjs.org/lodash.includes/-/lodash.includes-4.3.0.tgz",
      "integrity": "sha512-W3Bx6S+hDwelvAlS34C99cvyj7nEAUz8+EW8Y35YI9aSt6+sADsD/MMSFpSoNGy35oYUiZcM4Q/GqIisfr02ZQ=="
    },
    "node_modules/lodash.isboolean": {
      "version": "3.0.3",
      "resolved": "https://registry.npmjs.org/lodash.isboolean/-/lodash.isboolean-3.0.3.tgz",
      "integrity": "sha512-pC4mHl3gSVs22B5vj4fnX3j895wVjJkR/O+zT3Wk9z1o1zENa8f0AnD8h6clnbIytJdWyBCo7P40Vp+lA=="
    },
    "node_modules/lodash.isinteger": {
      "version": "4.0.4",
      "resolved": "https://registry.npmjs.org/lodash.isinteger/-/lodash.isinteger-4.0.4.tgz",
      "integrity": "sha512-DBi+2ODoO3a700mI0v8lOTSS7L3L3TgzRbJm5bZl2d6k/Lq8fL5aT31n7+wRY+c0IUFwYLwmlKx0oH2E2sM0LA=="
    },
    "node_modules/lodash.isnumber": {
      "version": "3.0.3",
      "resolved": "https://registry.npmjs.org/lodash.isnumber/-/lodash.isnumber-3.0.3.tgz",
      "integrity": "sha512-dC32kZp3N7g6aV67k2u3/t8H2nC8GkO/n22UUTzPO3CE2xyEVYwztr5oVpyzL0eK8zLh2yGf3K6bZuSLEn+eA=="
    },
    "node_modules/lodash.isplainobject": {
      "version": "4.0.6",
      "resolved": "https://registry.npmjs.org/lodash.isplainobject/-/lodash.isplainobject-4.0.6.tgz",
      "integrity": "sha512-n2D9smFv0Xo7J3e2hVEBa2D+H3l62Yt6t7K1a5i2N5L8cLSIsbpgvRMNKgLpECq5ALwxZQ9N5rg2LcF/iXoU4Q=="
    },
    "node_modules/lodash.isstring": {
      "version": "4.0.1",
      "resolved": "https://registry.npmjs.org/lodash.isstring/-/lodash.isstring-4.0.1.tgz",
      "integrity": "sha512-3sTMbtIm99v8ENn3klPGI+k9CbJ3PAXTJXbILuN/90QHiq0Jvdi22g3e1fWJ0hUqJSUGg2zWnS+M1v2p0/2sYQ=="
    },
    "node_modules/lodash.once": {
      "version": "4.1.1",
      "resolved": "https://registry.npmjs.org/lodash.once/-/lodash.once-4.1.1.tgz",
      "integrity": "sha512-agNAsw3+0g9K+h2fTVEc42yGzY64E0qY9OA2/5hw2Stk0Z+nAUx3jky+Mxd9js2yP8LwAdKSM772L/FrCPAg8w=="
    },
    "node_modules/lru-cache": {
      "version": "6.0.0",
      "resolved": "https://registry.npmjs.org/lru-cache/-/lru-cache-6.0.0.tgz",
      "integrity": "sha512-Jo6dJ04CmSjuznwJSS3pUeWmd/H0ffTlkXXgwne+q7g6bO94ucrwBOlTMk3iCAvcwe2qMazk5LBugPta3CFhaA==",
      "dependencies": {
        "yallist": "^4.0.0"
      },
      "engines": {
        "node": ">=10"
      }
    },
    "node_modules/media-typer": {
      "version": "0.3.0",
      "resolved": "https://registry.npmjs.org/media-typer/-/media-typer-0.3.0.tgz",
      "integrity": "sha512-dq+qelQ9akHpcOlPq42atb3uW/OCLkVF8dFEr7sM3tHTm+pEaS5Mbt4LDkEVGTvE3ZFLOnAlT1IMN39w+T+4vw==",
      "engines": {
        "node": ">= 0.6"
      }
    },
    "node_modules/merge-descriptors": {
      "version": "1.0.1",
      "resolved": "https://registry.npmjs.org/merge-descriptors/-/merge-descriptors-1.0.1.tgz",
      "integrity": "sha512-cCi6g3/Zr1iqQi6ySbseM1Xvooa98N0w31jzUYrXPX2xqObmF8+0E4z6br+FtmLgY/qKesYya_XYruD2as_5pA=="
    },
    "node_modules/methods": {
      "version": "1.1.2",
      "resolved": "https://registry.npmjs.org/methods/-/methods-1.1.2.tgz",
      "integrity": "sha512-iclAHeNqxp8TT8Hgn3tV9ltovNkseGuS7aM4S8I2+jK1eFfZO6e+hVd+90V0iGuS2k1lK6rmO+pLgssU2sV1bQ==",
      "engines": {
        "node": ">= 0.6"
      }
    },
    "node_modules/mime": {
      "version": "1.6.0",
      "resolved": "https://registry.npmjs.org/mime/-/mime-1.6.0.tgz",
      "integrity": "sha512-x0Vn8spI+wuJ1O6S7gnbaQg8Pxh4NNHb7MuxyCo9PPwlQIXG8sPLP7Ds5HbyTTiBFgbBCigrjDIE9be0a2asBg==",
      "engines": {
        "node": ">=4"
      }
    },
    "node_modules/mime-db": {
      "version": "1.52.0",
      "resolved": "https://registry.npmjs.org/mime-db/-/mime-db-1.52.0.tgz",
      "integrity": "sha512-sPU4uV7dYlvtWdTwAPAstdrezE_WubNaXxUAlagTwpNcRkGULGgLjpfeEkM/ckVEzaaIrEoc1IRKWMRQRrADBA==",
      "engines": {
        "node": ">= 0.6"
      }
    },
    "node_modules/mime-types": {
      "version": "2.1.35",
      "resolved": "https://registry.npmjs.org/mime-types/-/mime-types-2.1.35.tgz",
      "integrity": "sha512-ZDY+bPm5zTTF+YpCrAU9nK0UgICYPT0QtT1NZWFv4s++TNkcg3yTJG5JRbbtTkKTYacGeP1uMVTPCaxJTFrwyA==",
      "dependencies": {
        "mime-db": "1.52.0"
      },
      "engines": {
        "node": ">= 0.6"
      }
    },
    "node_modules/minimist": {
      "version": "1.2.8",
      "resolved": "https://registry.npmjs.org/minimist/-/minimist-1.2.8.tgz",
      "integrity": "sha512-2yyAR8qkvESbv9qJETZAP6pi5+Cjdo6IODoX55zLhqgG17TR5ygfS1rreqCgjSSCVjH+LCYkg5z34van5VImGg==",
      "funding": {
        "url": "https://github.com/sponsors/ljharb"
      }
    },
    "node_modules/mkdirp": {
      "version": "0.5.6",
      "resolved": "https://registry.npmjs.org/mkdirp/-/mkdirp-0.5.6.tgz",
      "integrity": "sha512-FP+p8RB8A_an2H+f/yWak4gHi80n2BgGjO6yESbT9pI+wJkwj3D4t3t6h3LDHo/a+a8vSrd7J/2ht3i5A9v4nQ==",
      "dependencies": {
        "minimist": "^1.2.6"
      },
      "bin": {
        "mkdirp": "bin/cmd.js"
      }
    },
    "node_modules/ms": {
      "version": "2.1.1",
      "resolved": "https://registry.npmjs.org/ms/-/ms-2.1.1.tgz",
      "integrity": "sha512-tgp+dl5cGk28utYktBsrFqA7HKgrhgPsg6Z/EfhWI4iMoHBFpdtn2hevZtaKo9weggs9IvsA2SSxAK1j2vREOkA=="
    },
    "node_modules/multer": {
      "version": "1.4.5-lts.1",
      "resolved": "https://registry.npmjs.org/multer/-/multer-1.4.5-lts.1.tgz",
      "integrity": "sha512-ywPWLqP2RkP9EeLiyz68sgsoZp5eRG9zbbURq2PjMKb2HOKJ3r/h9S9yL3A3f6wLme24gn2e9xmsvImN924e+Q==",
      "dependencies": {
        "append-field": "^1.0.0",
        "busboy": "^1.6.0",
        "concat-stream": "^1.6.2",
        "mkdirp": "^0.5.6",
        "object-assign": "^4.1.1",
        "type-is": "^1.6.18"
      },
      "engines": {
        "node": ">= 10.16.0"
      }
    },
    "node_modules/negotiator": {
      "version": "0.6.3",
      "resolved": "https://registry.npmjs.org/negotiator/-/negotiator-0.6.3.tgz",
      "integrity": "sha512-tUisB9c9aESHxwehNlH1E0iAIbH2IimY2bOjw+WN31ocP32Wz/fQjWMyrbT+fS3kssbI/1R29pY8bETiW2af7w==",
      "engines": {
        "node": ">= 0.6"
      }
    },
    "node_modules/object-assign": {
      "version": "4.1.1",
      "resolved": "https://registry.npmjs.org/object-assign/-/object-assign-4.1.1.tgz",
      "integrity": "sha512-rJgTQnkUnH1sFw8yT6VSU3zD3sW2t62DaceS9ceEyTzIZ+bSt3iImxvpactkeAb9xjFrEVEKgosv4e9XxzSmpQ==",
      "engines": {
        "node": ">=0.10.0"
      }
    },
    "node_modules/on-finished": {
      "version": "2.4.1",
      "resolved": "https://registry.npmjs.org/on-finished/-/on-finished-2.4.1.tgz",
      "integrity": "sha512-oVvzZXrANXieIqNDbqbJ922clBLp62ftT8ke1iQOFqVvhCtLTEr0uIXEi3LgHgT+WaD/Cv+5xcaEVG_CLkeoTTw==",
      "dependencies": {
        "ee-first": "1.1.1"
      },
      "engines": {
        "node": ">= 0.8"
      }
    },
    "node_modules/parseurl": {
      "version": "1.3.3",
      "resolved": "https://registry.npmjs.org/parseurl/-/parseurl-1.3.3.tgz",
      "integrity": "sha512-CagOXpgwUPk5GMzlUP2ixtcmDP+aYd1a0R2HZRJg1xHfbg8rC/8xZPUab7aMi4xhtAmKfxD9bO5iiFhEaLMyRA==",
      "engines": {
        "node": ">= 0.8"
      }
    },
    "node_modules/path-to-regexp": {
      "version": "0.1.7",
      "resolved": "https://registry.npmjs.org/path-to-regexp/-/path-to-regexp-0.1.7.tgz",
      "integrity": "sha512-aFBhaIAn3F0n4Iel313INd9eGj4mPaiT33Kk8h2d2pThd/A0n2372PZ52iRzO39YAlp20Yy29I41w2G4u6v4w=="
    },
    "node_modules/pg": {
      "version": "8.12.0",
      "resolved": "https://registry.npmjs.org/pg/-/pg-8.12.0.tgz",
      "integrity": "sha512-n1u+2+4iAEN04P75s02Y5DbP93pBfQk4sJj8S4tL9aT4fowvSjwe1JTSDBz1ALyvjMNDCo1yWyZ9q32dGtsocw==",
      "dependencies": {
        "pg-connection-string": "^2.5.0",
        "pg-pool": "^3.6.1",
        "pg-types": "^2.2.0",
        "pgpass": "^1.0.5",
        "split2": "^3.2.2"
      },
      "engines": {
        "node": ">= 12"
      }
    },
    "node_modules/pg-connection-string": {
      "version": "2.6.4",
      "resolved": "https://registry.npmjs.org/pg-connection-string/-/pg-connection-string-2.6.4.tgz",
      "integrity": "sha512-x1d0b2AQj83B0i93Qx4GgL4Y4sLqeoEa3HNRs3i4z5N0qCjS9fzgoa6Lsxn9QnJtMFoGCSxKy3n4vIuL0qf0CQ=="
    },
    "node_modules/pg-pool": {
      "version": "3.6.2",
      "resolved": "https://registry.npmjs.org/pg-pool/-/pg-pool-3.6.2.tgz",
      "integrity": "sha512-wP1z3q1j3r6sWv94qQ2Ue4yGv3iCEnsqTyh5T0eWJ5IeEb0foi5I8Vun9smyiMrYry2eihQhOq3GZDbXwv2vjA==",
      "engines": {
        "node": ">= 12"
      }
    },
    "node_modules/pg-types": {
      "version": "2.2.0",
      "resolved": "https://registry.npmjs.org/pg-types/-/pg-types-2.2.0.tgz",
      "integrity": "sha512-516iADFw697Jk32q9fKzPq0t7Y6C+RxaPQyM2wJpc2DCyUGEDd3b4pt3tDo1P+w0k+w9j2u2UuNaG32T3sT7gQ==",
      "dependencies": {
        "postgres-array": "^2.0.0",
        "postgres-bytea": "^1.0.0",
        "postgres-date": "^1.0.3",
        "postgres-interval": "^1.1.0"
      }
    },
    "node_modules/pgpass": {
      "version": "1.0.5",
      "resolved": "https://registry.npmjs.org/pgpass/-/pgpass-1.0.5.tgz",
      "integrity": "sha512-R2y6A8a8G3i5rHuN/4yIqG8e4f169y6K/weerlKbX+5cK0RUmE+p1yD4+xn+tM4Tj2VnBWvT5oBcwB771eP9Q==",
      "dependencies": {
        "split2": "^3.2.2"
      }
    },
    "node_modules/postgres-array": {
      "version": "2.0.0",
      "resolved": "https://registry.npmjs.org/postgres-array/-/postgres-array-2.0.0.tgz",
      "integrity": "sha512-n3g2fJ8BsjGuD9L0sL+RmtQ4xLhTgsZ3C1aCqOMiT6j6wP79c294YVt9p/a2E2ytmNEP5wGPD62GfVqso1myA=="
    },
    "node_modules/postgres-bytea": {
      "version": "1.0.0",
      "resolved": "https://registry.npmjs.org/postgres-bytea/-/postgres-bytea-1.0.0.tgz",
      "integrity": "sha512-8u3N3/QV0tG6Iu3FREx8vLz33AwSg8jL9h2nZqKlodzjxk/2w5d0tu2jEr7zR1dBuDZy3NBDi9l5zO/h8vD5/DQ=="
    },
    "node_modules/postgres-date": {
      "version": "1.0.7",
      "resolved": "https://registry.npmjs.org/postgres-date/-/postgres-date-1.0.7.tgz",
      "integrity": "sha512-deK1SyMyE8mLrhlQvCgB1x212rI4a7rG5mJGNw9uP3s9jrrgO1FfKBcyhAfG7WJgLzns2CaM6kEeEEU2hQadgQ=="
    },
    "node_modules/postgres-interval": {
      "version": "1.2.0",
      "resolved": "https://registry.npmjs.org/postgres-interval/-/postgres-interval-1.2.0.tgz",
      "integrity": "sha512-Wk25y6n7M6mxl1EchMiK5eF9k65QeoN9zTgaq2vA72eJjA+M32nQVg8a0gGrKkQ/88u4bLTAa0R6iR4him+FBQ==",
      "dependencies": {
        "xtend": "^4.0.0"
      }
    },
    "node_modules/process-nextick-args": {
      "version": "2.0.1",
      "resolved": "https://registry.npmjs.org/process-nextick-args/-/process-nextick-args-2.0.1.tgz",
      "integrity": "sha512-3ouUOpQhtgrbOa17J7+i6Lp5/PdnNO194aFll5CzbmgBVI9rEu3Gme5UESV2JaPK5BUuykMAL7gYYYcpLA8XOw=="
    },
    "node_modules/proxy-addr": {
      "version": "2.0.7",
      "resolved": "https://registry.npmjs.org/proxy-addr/-/proxy-addr-2.0.7.tgz",
      "integrity": "sha512-llQsMLSUDUPT44jdrUVRa3vGrA5brb7oWdv5F5eIOmof5qOxGz7x9T1LPsga1Oa4hJe4r/cmggrK0LODpS90lA==",
      "dependencies": {
        "forwarded": "0.2.0",
        "ipaddr.js": "1.9.1"
      },
      "engines": {
        "node": ">= 0.10"
      }
    },
    "node_modules/qs": {
      "version": "6.11.0",
      "resolved": "https://registry.npmjs.org/qs/-/qs-6.11.0.tgz",
      "integrity": "sha512-MvjoMCJwEarSbUYk5O+nmoSzSutSsTwF85zcHPQ9SApYmADtmmhCDA6A6KjpOaIch5fH2V3rmwqtvegotQL4Lw==",
      "dependencies": {
        "side-channel": "^1.0.4"
      },
      "engines": {
        "node": ">=0.6"
      },
      "funding": {
        "url": "https://github.com/sponsors/ljharb"
      }
    },
    "node_modules/range-parser": {
      "version": "1.2.1",
      "resolved": "https://registry.npmjs.org/range-parser/-/range-parser-1.2.1.tgz",
      "integrity": "sha512-Hrgsx+orqoygn9bCDrafg1pog3E7V4MYe1afRMv5wJepckUN7vrrq+o2HBCJ9eBfxwlvnsAc2jSpl9fCaC2g6w==",
      "engines": {
        "node": ">= 0.6"
      }
    },
    "node_modules/raw-body": {
      "version": "2.5.2",
      "resolved": "https://registry.npmjs.org/raw-body/-/raw-body-2.5.2.tgz",
      "integrity": "sha512-8vxJexhNOYiftNCqacGah+2vtlc2I4OHjQG2aaw2tA3sES2kvoeD7a+uK1d//veG14S2s1s1myw0g9sox918UQ==",
      "dependencies": {
        "bytes": "3.1.2",
        "http-errors": "2.0.0",
        "iconv-lite": "0.4.24",
        "unpipe": "1.0.0"
      },
      "engines": {
        "node": ">= 0.8"
      }
    },
    "node_modules/readable-stream": {
      "version": "2.3.8",
      "resolved": "https://registry.npmjs.org/readable-stream/-/readable-stream-2.3.8.tgz",
      "integrity": "sha512-eW4X8J+Z44Y5rNSo32EM2L+V5u3k1nB2i/zxc31GYp2F8o2BSIpI3vEIsG3d4lI8oogb5xRaI2s3G28hT/+pAQ==",
      "dependencies": {
        "core-util-is": "~1.0.0",
        "inherits": "~2.0.3",
        "isarray": "~1.0.0",
        "process-nextick-args": "~2.0.0",
        "safe-buffer": "~5.1.1",
        "string_decoder": "~1.1.1",
        "util-deprecate": "~1.0.1"
      }
    },
    "node_modules/safe-buffer": {
      "version": "5.2.1",
      "resolved": "https://registry.npmjs.org/safe-buffer/-/safe-buffer-5.2.1.tgz",
      "integrity": "sha512-rp3So07KytLGKbI2SuDxmthssGzD6MFjpPb8yIZVUn4ow12PuMgwe68JacxcG1iM12s6yszePcmo2RG1NKKlgA==",
      "funding": [
        {
          "type": "github",
          "url": "https://github.com/sponsors/feross"
        },
        {
          "type": "patreon",
          "url": "https://www.patreon.com/feross"
        },
        {
          "type": "consulting",
          "url": "https://feross.org/support"
        }
      ]
    },
    "node_modules/safer-buffer": {
      "version": "2.1.2",
      "resolved": "https://registry.npmjs.org/safer-buffer/-/safer-buffer-2.1.2.tgz",
      "integrity": "sha512-YZo3K82SD7Riyi0E1EQPojLz7kpepnSQI9bvygy8USBCd1hdjNoO/pas8iVEM2GCS5yr7w4StDe3ssSb2rRagA=="
    },
    "node_modules/semver": {
      "version": "7.6.3",
      "resolved": "https://registry.npmjs.org/semver/-/semver-7.6.3.tgz",
      "integrity": "sha512-L36DP2i2n6+t90MW+H3x3c3d5h/5Jk/Al2pT4EitaJjdKj8v8t2T4T9K3L3UQm2S9T8M3e0422Hzn1dM6INzQ==",
      "dependencies": {
        "lru-cache": "^6.0.0"
      },
      "bin": {
        "semver": "bin/semver.js"
      },
      "engines": {
        "node": ">=10"
      }
    },
    "node_modules/send": {
      "version": "0.18.0",
      "resolved": "https://registry.npmjs.org/send/-/send-0.18.0.tgz",
      "integrity": "sha512-qqWzuFia2ttR+nB8808I7cO4/j270wcp72U3unGwpqG4Q2p7e+tMRW+0aKFJ/BvLwI2S3W+jL+N3Bw92L0hJQ==",
      "dependencies": {
        "debug": "2.6.9",
        "depd": "2.0.0",
        "destroy": "1.2.0",
        "encodeurl": "~1.0.2",
        "escape-html": "~1.0.3",
        "etag": "~1.8.1",
        "fresh": "0.5.2",
        "http-errors": "2.0.0",
        "mime": "1.6.0",
        "ms": "2.1.3",
        "on-finished": "2.4.1",
        "range-parser": "~1.2.1",
        "statuses": "2.0.1"
      },
      "engines": {
        "node": ">= 0.8.0"
      }
    },
    "node_modules/send/node_modules/ms": {
      "version": "2.1.3",
      "resolved": "https://registry.npmjs.org/ms/-/ms-2.1.3.tgz",
      "integrity": "sha512-6FlkAZqOyMs7okXpUFsKOW9lbOT5L4yYIzjSmlxL50pTvoPWB20SSibLlhso5w2v0E6wOP6zHcudOPdpDBELpg=="
    },
    "node_modules/serve-static": {
      "version": "1.15.0",
      "resolved": "https://registry.npmjs.org/serve-static/-/serve-static-1.15.0.tgz",
      "integrity": "sha512-AkK24Cbsqu9e22/SxgX33a22fSWG3cwPdwSA3MzpM4BU9OKb5f9wz55pYj2Q2OBg2S1zveoB3O22aSRv4i0G+w==",
      "dependencies": {
        "encodeurl": "~1.0.2",
        "escape-html": "~1.0.3",
        "parseurl": "~1.3.3",
        "send": "0.18.0"
      },
      "engines": {
        "node": ">= 0.8.0"
      }
    },
    "node_modules/set-function-length": {
      "version": "1.2.2",
      "resolved": "https://registry.npmjs.org/set-function-length/-/set-function-length-1.2.2.tgz",
      "integrity": "sha512-pg7GquwDAsqQ3v999c2zPsYi3F3M22z7wz2j3kG7Z8g33BAn+gOQdE8Ym31v2RxrYNY3L3m0g0o0so29pX56w==",
      "dependencies": {
        "define-data-property": "^1.1.1",
        "es-errors": "^1.3.0",
        "function-bind": "^1.1.2",
        "has-property-descriptors": "^1.0.1"
      },
      "engines": {
        "node": ">= 0.4"
      }
    },
    "node_modules/setprototypeof": {
      "version": "1.2.0",
      "resolved": "https://registry.npmjs.org/setprototypeof/-/setprototypeof-1.2.0.tgz",
      "integrity": "sha512-BvE/2R+wjeCDEsSDnpBC+xHyoTC0ilNvA49IwjCiLaT63fBvMeNeAURmTe75CjwzFeFpChYgUmdSl3jZVhylXQ=="
    },
    "node_modules/side-channel": {
      "version": "1.0.6",
      "resolved": "https://registry.npmjs.org/side-channel/-/side-channel-1.0.6.tgz",
      "integrity": "sha512-p+3oDQDqsoQ0dDssWv3s2wTYs9/22L3K/3bC8hS+tNd/22r+25S3SlsxJb22f7Ie9tqC4Pzbo63c/4t2sVfA==",
      "dependencies": {
        "call-bind": "^1.0.5",
        "es-errors": "^1.3.0",
        "get-intrinsic": "^1.2.4",
        "object-inspect": "^1.13.1"
      },
      "engines": {
        "node": ">= 0.4"
      },
      "funding": {
        "url": "https://github.com/sponsors/ljharb"
      }
    },
    "node_modules/side-channel/node_modules/object-inspect": {
      "version": "1.13.1",
      "resolved": "https://registry.npmjs.org/object-inspect/-/object-inspect-1.13.1.tgz",
      "integrity": "sha512-5bEY3dfr0cqK8/bFceYd123ug41N21iMso8MCMT2w5tNjDhbAsRrtPbA5hCv63i1ce2a6s5N1BfCWbDGR8/g+g==",
      "funding": {
        "url": "https://github.com/sponsors/ljharb"
      }
    },
    "node_modules/split2": {
      "version": "3.2.2",
      "resolved": "https://registry.npmjs.org/split2/-/split2-3.2.2.tgz",
      "integrity": "sha512-6D2BfKTlGdkCHM/pUG4adpM9N4a4uDdq3p8zXGydXw3OQkK8IGtu12KqXNTh0o5CEXJzY/p2lANs+plH6vJmmQ==",
      "dependencies": {
        "through2": "^3.0.0"
      },
      "bin": {
        "split2": "bin.js"
      }
    },
    "node_modules/statuses": {
      "version": "2.0.1",
      "resolved": "https://registry.npmjs.org/statuses/-/statuses-2.0.1.tgz",
      "integrity": "sha512-RwNA9Z/7PrKCR2i5PNqS+b0Qcb4ok42Dq2eDahIw9NPD2G/bIOpDsGjckE+SAb25/9Wz2LXqJTa2BAbO0Aeflw==",
      "engines": {
        "node": ">= 0.8"
      }
    },
    "node_modules/streamsearch": {
      "version": "1.1.0",
      "resolved": "https://registry.npmjs.org/streamsearch/-/streamsearch-1.1.0.tgz",
      "integrity": "sha512-Mcc5wHehp9aXz1ax6bZUyY5afg9u2rv5cqQI3mRrYkGC8rW2hM02jWuwjtL++LS5qinSyhj2QWhnoGc+CLg0OQ==",
      "engines": {
        "node": ">=10.0.0"
      }
    },
    "node_modules/string_decoder": {
      "version": "1.1.1",
      "resolved": "https://registry.npmjs.org/string_decoder/-/string_decoder-1.1.1.tgz",
      "integrity": "sha512-n/ShnvDi6FHbbVfviro+WojiFzv+s8MPMHBczVePfUpDJLwoLT0ht1l4YwBCbi8pJAveEEdnkHyPyTP/mzRfwg==",
      "dependencies": {
        "safe-buffer": "~5.1.0"
      }
    },
    "node_modules/string_decoder/node_modules/safe-buffer": {
      "version": "5.1.2",
      "resolved": "https://registry.npmjs.org/safe-buffer/-/safe-buffer-5.1.2.tgz",
      "integrity": "sha512-Gd2UZBJDkXlY7p8eRbgBg8AF2bejpOLHE5PWDKCRbWejp80caH1TpyCMIxsksMnGy76SpsZKA5z4PewfmOkVLsA=="
    },
    "node_modules/through2": {
      "version": "3.0.2",
      "resolved": "https://registry.npmjs.org/through2/-/through2-3.0.2.tgz",
      "integrity": "sha512-IuJQRhTfI9sVqklvLV0a1sPO0zw852n3+hGnHr7wzEGwARVdovXfXnOMbiiL4hCRh2g22/b2z3e37yabjC+dGA==",
      "dependencies": {
        "readable-stream": "^3.0.0",
        "xtend": "^4.0.1"
      }
    },
    "node_modules/through2/node_modules/readable-stream": {
      "version": "3.6.2",
      "resolved": "https://registry.npmjs.org/readable-stream/-/readable-stream-3.6.2.tgz",
      "integrity": "sha512-9u/sniCrY3D5WdsERHzHE4G2YCXqoGguLsyS+qO1S1LeEGMTs80C/otMartweVqssvPuFcROKExPV3gls5+IKw==",
      "dependencies": {
        "inherits": "^2.0.3",
        "string_decoder": "^1.1.1",
        "util-deprecate": "^1.0.1"
      },
      "engines": {
        "node": ">= 6"
      }
    },
    "node_modules/toidentifier": {
      "version": "1.0.1",
      "resolved": "https://registry.npmjs.org/toidentifier/-/toidentifier-1.0.1.tgz",
      "integrity": "sha512-o5sSPKEkgOgrbLMAEB Healy/5fpiOEtu5JnqYhEPMaJdApKfaBkVLslGu8AYJzFa6z0lEh0vA++TR7in5Lgafgw==",
      "engines": {
        "node": ">= 0.6"
      }
    },
    "node_modules/type-is": {
      "version": "1.6.18",
      "resolved": "https://registry.npmjs.org/type-is/-/type-is-1.6.18.tgz",
      "integrity": "sha512-TkRKr9sUTxEH8MdfuCSP7VizJtJWM+[KEssEp2BVb2lgnSY1+8V/WjGN+ze4z7ZGR6hCFGmm6GitEz7bigM/Xw==",
      "dependencies": {
        "media-typer": "0.3.0",
        "mime-types": "~2.1.24"
      },
      "engines": {
        "node": ">= 0.6"
      }
    },
    "node_modules/typedarray": {
      "version": "0.0.6",
      "resolved": "https://registry.npmjs.org/typedarray/-/typedarray-0.0.6.tgz",
      "integrity": "sha512-Stq99+4iF3O1f7jVANc2gX+G2OaFDj8o8D1uJ8Hj2hKsv+2TzGDABEWp2eJrRg6g+V6vK67xYf+4OQ7I2gEdGw=="
    },
    "node_modules/unpipe": {
      "version": "1.0.0",
      "resolved": "https://registry.npmjs.org/unpipe/-/unpipe-1.0.0.tgz",
      "integrity": "sha512-pjy2bYh136cFUBX2b2bGoK59+h3mCnhrydVjdG1ieIl4wTOJH2a36B11CgIqStggl4O2h2M3S1LK5aI1m42VNA==",
      "engines": {
        "node": ">= 0.8"
      }
    },
    "node_modules/util-deprecate": {
      "version": "1.0.2",
      "resolved": "https://registry.npmjs.org/util-deprecate/-/util-deprecate-1.0.2.tgz",
      "integrity": "sha512-EPD5q1uXyFxJpCrAshXDfFWMD0VdKgSssLSsoMcXAJsJknS2SBNplPurére/wB3OgrxTCeHgZgSOiPZNIOaioA=="
    },
    "node_modules/utils-flatten": {
      "version": "1.0.1",
      "resolved": "https://registry.npmjs.org/utils-flatten/-/utils-flatten-1.0.1.tgz",
      "integrity": "sha512-QdVIv9WAnMyfnt9J3aC2h/h2pAZRa2da29i29C72Q3gGjM52z1xCe4x5nL1nC4dOCY/O/tEaC9gK/xIXqugWbw==",
      "engines": {
        "node": ">= 0.10.0"
      }
    },
    "node_modules/vary": {
      "version": "1.1.2",
      "resolved": "https://registry.npmjs.org/vary/-/vary-1.1.2.tgz",
      "integrity": "sha512-BNGbWLfdIEq+eyqHEVX2Zh+6jmdAbzI12iYwEU9QY2i2m2IImdMCm9rX1gDE2/kSWZndxpyjs/132p26jPj/oQ==",
      "engines": {
        "node": ">= 0.8"
      }
    },
    "node_modules/xtend": {
      "version": "4.0.2",
      "resolved": "https://registry.npmjs.org/xtend/-/xtend-4.0.2.tgz",
      "integrity": "sha512-LKYfrl1ssyt3n6+pY2iHyI1r/o6nBI2tPVwI0eTjNvY1T1eA1H6G0I6BWrQkz2w2f5D/Y4PaY13P8tG1x0wPSA==",
      "engines": {
        "node": ">=0.4"
      }
    },
    "node_modules/yallist": {
      "version": "4.0.0",
      "resolved": "https://registry.npmjs.org/yallist/-/yallist-4.0.0.tgz",
      "integrity": "sha512-3wdGidZyq5Hpe4RTcuriYDLLSd0c6F8mM1YdxNppAtw8rmDlLcmzAkpeOuywgo2IFPtnnpd89im7Xj5RU2TODEw=="
    }
  }
}